// !$*UTF8*$!
{
	archiveVersion = 1;
	classes = {
	};
	objectVersion = 56;
	objects = {

/* Begin PBXBuildFile section */
		0571159D2AFDE5BC00AD43D5 /* AppDelegate.swift in Sources */ = {isa = PBXBuildFile; fileRef = 0571159C2AFDE5BC00AD43D5 /* AppDelegate.swift */; };
		0571159F2AFDE5BC00AD43D5 /* SceneDelegate.swift in Sources */ = {isa = PBXBuildFile; fileRef = 0571159E2AFDE5BC00AD43D5 /* SceneDelegate.swift */; };
		057115A12AFDE5BC00AD43D5 /* ViewController.swift in Sources */ = {isa = PBXBuildFile; fileRef = 057115A02AFDE5BC00AD43D5 /* ViewController.swift */; };
		057115A42AFDE5BC00AD43D5 /* Main.storyboard in Resources */ = {isa = PBXBuildFile; fileRef = 057115A22AFDE5BC00AD43D5 /* Main.storyboard */; };
		057115A72AFDE5BC00AD43D5 /* ViperExample23.xcdatamodeld in Sources */ = {isa = PBXBuildFile; fileRef = 057115A52AFDE5BC00AD43D5 /* ViperExample23.xcdatamodeld */; };
		057115A92AFDE5BE00AD43D5 /* Assets.xcassets in Resources */ = {isa = PBXBuildFile; fileRef = 057115A82AFDE5BE00AD43D5 /* Assets.xcassets */; };
		057115AC2AFDE5BE00AD43D5 /* LaunchScreen.storyboard in Resources */ = {isa = PBXBuildFile; fileRef = 057115AA2AFDE5BE00AD43D5 /* LaunchScreen.storyboard */; };
		057115B72AFDE5BE00AD43D5 /* ViperExample23Tests.swift in Sources */ = {isa = PBXBuildFile; fileRef = 057115B62AFDE5BE00AD43D5 /* ViperExample23Tests.swift */; };
		057115C12AFDE5BE00AD43D5 /* ViperExample23UITests.swift in Sources */ = {isa = PBXBuildFile; fileRef = 057115C02AFDE5BE00AD43D5 /* ViperExample23UITests.swift */; };
		057115C32AFDE5BE00AD43D5 /* ViperExample23UITestsLaunchTests.swift in Sources */ = {isa = PBXBuildFile; fileRef = 057115C22AFDE5BE00AD43D5 /* ViperExample23UITestsLaunchTests.swift */; };
/* End PBXBuildFile section */

/* Begin PBXContainerItemProxy section */
		057115B32AFDE5BE00AD43D5 /* PBXContainerItemProxy */ = {
			isa = PBXContainerItemProxy;
			containerPortal = 057115912AFDE5BC00AD43D5 /* Project object */;
			proxyType = 1;
			remoteGlobalIDString = 057115982AFDE5BC00AD43D5;
			remoteInfo = ViperExample23;
		};
		057115BD2AFDE5BE00AD43D5 /* PBXContainerItemProxy */ = {
			isa = PBXContainerItemProxy;
			containerPortal = 057115912AFDE5BC00AD43D5 /* Project object */;
			proxyType = 1;
			remoteGlobalIDString = 057115982AFDE5BC00AD43D5;
			remoteInfo = ViperExample23;
		};
/* End PBXContainerItemProxy section */

/* Begin PBXFileReference section */
		057115992AFDE5BC00AD43D5 /* ViperExample23.app */ = {isa = PBXFileReference; explicitFileType = wrapper.application; includeInIndex = 0; path = ViperExample23.app; sourceTree = BUILT_PRODUCTS_DIR; };
		0571159C2AFDE5BC00AD43D5 /* AppDelegate.swift */ = {isa = PBXFileReference; lastKnownFileType = sourcecode.swift; path = AppDelegate.swift; sourceTree = "<group>"; };
		0571159E2AFDE5BC00AD43D5 /* SceneDelegate.swift */ = {isa = PBXFileReference; lastKnownFileType = sourcecode.swift; path = SceneDelegate.swift; sourceTree = "<group>"; };
		057115A02AFDE5BC00AD43D5 /* ViewController.swift */ = {isa = PBXFileReference; lastKnownFileType = sourcecode.swift; path = ViewController.swift; sourceTree = "<group>"; };
		057115A32AFDE5BC00AD43D5 /* Base */ = {isa = PBXFileReference; lastKnownFileType = file.storyboard; name = Base; path = Base.lproj/Main.storyboard; sourceTree = "<group>"; };
		057115A62AFDE5BC00AD43D5 /* ViperExample23.xcdatamodel */ = {isa = PBXFileReference; lastKnownFileType = wrapper.xcdatamodel; path = ViperExample23.xcdatamodel; sourceTree = "<group>"; };
		057115A82AFDE5BE00AD43D5 /* Assets.xcassets */ = {isa = PBXFileReference; lastKnownFileType = folder.assetcatalog; path = Assets.xcassets; sourceTree = "<group>"; };
		057115AB2AFDE5BE00AD43D5 /* Base */ = {isa = PBXFileReference; lastKnownFileType = file.storyboard; name = Base; path = Base.lproj/LaunchScreen.storyboard; sourceTree = "<group>"; };
		057115AD2AFDE5BE00AD43D5 /* Info.plist */ = {isa = PBXFileReference; lastKnownFileType = text.plist.xml; path = Info.plist; sourceTree = "<group>"; };
		057115B22AFDE5BE00AD43D5 /* ViperExample23Tests.xctest */ = {isa = PBXFileReference; explicitFileType = wrapper.cfbundle; includeInIndex = 0; path = ViperExample23Tests.xctest; sourceTree = BUILT_PRODUCTS_DIR; };
		057115B62AFDE5BE00AD43D5 /* ViperExample23Tests.swift */ = {isa = PBXFileReference; lastKnownFileType = sourcecode.swift; path = ViperExample23Tests.swift; sourceTree = "<group>"; };
		057115BC2AFDE5BE00AD43D5 /* ViperExample23UITests.xctest */ = {isa = PBXFileReference; explicitFileType = wrapper.cfbundle; includeInIndex = 0; path = ViperExample23UITests.xctest; sourceTree = BUILT_PRODUCTS_DIR; };
		057115C02AFDE5BE00AD43D5 /* ViperExample23UITests.swift */ = {isa = PBXFileReference; lastKnownFileType = sourcecode.swift; path = ViperExample23UITests.swift; sourceTree = "<group>"; };
		057115C22AFDE5BE00AD43D5 /* ViperExample23UITestsLaunchTests.swift */ = {isa = PBXFileReference; lastKnownFileType = sourcecode.swift; path = ViperExample23UITestsLaunchTests.swift; sourceTree = "<group>"; };
/* End PBXFileReference section */

/* Begin PBXFrameworksBuildPhase section */
		057115962AFDE5BC00AD43D5 /* Frameworks */ = {
			isa = PBXFrameworksBuildPhase;
			buildActionMask = 2147483647;
			files = (
			);
			runOnlyForDeploymentPostprocessing = 0;
		};
		057115AF2AFDE5BE00AD43D5 /* Frameworks */ = {
			isa = PBXFrameworksBuildPhase;
			buildActionMask = 2147483647;
			files = (
			);
			runOnlyForDeploymentPostprocessing = 0;
		};
		057115B92AFDE5BE00AD43D5 /* Frameworks */ = {
			isa = PBXFrameworksBuildPhase;
			buildActionMask = 2147483647;
			files = (
			);
			runOnlyForDeploymentPostprocessing = 0;
		};
/* End PBXFrameworksBuildPhase section */

/* Begin PBXGroup section */
		057115902AFDE5BC00AD43D5 = {
			isa = PBXGroup;
			children = (
				0571159B2AFDE5BC00AD43D5 /* ViperExample23 */,
				057115B52AFDE5BE00AD43D5 /* ViperExample23Tests */,
				057115BF2AFDE5BE00AD43D5 /* ViperExample23UITests */,
				0571159A2AFDE5BC00AD43D5 /* Products */,
			);
			sourceTree = "<group>";
		};
		0571159A2AFDE5BC00AD43D5 /* Products */ = {
			isa = PBXGroup;
			children = (
				057115992AFDE5BC00AD43D5 /* ViperExample23.app */,
				057115B22AFDE5BE00AD43D5 /* ViperExample23Tests.xctest */,
				057115BC2AFDE5BE00AD43D5 /* ViperExample23UITests.xctest */,
			);
			name = Products;
			sourceTree = "<group>";
		};
		0571159B2AFDE5BC00AD43D5 /* ViperExample23 */ = {
			isa = PBXGroup;
			children = (
				0571159C2AFDE5BC00AD43D5 /* AppDelegate.swift */,
				0571159E2AFDE5BC00AD43D5 /* SceneDelegate.swift */,
				057115A02AFDE5BC00AD43D5 /* ViewController.swift */,
				057115A22AFDE5BC00AD43D5 /* Main.storyboard */,
				057115A82AFDE5BE00AD43D5 /* Assets.xcassets */,
				057115AA2AFDE5BE00AD43D5 /* LaunchScreen.storyboard */,
				057115AD2AFDE5BE00AD43D5 /* Info.plist */,
				057115A52AFDE5BC00AD43D5 /* ViperExample23.xcdatamodeld */,
			);
			path = ViperExample23;
			sourceTree = "<group>";
		};
		057115B52AFDE5BE00AD43D5 /* ViperExample23Tests */ = {
			isa = PBXGroup;
			children = (
				057115B62AFDE5BE00AD43D5 /* ViperExample23Tests.swift */,
			);
			path = ViperExample23Tests;
			sourceTree = "<group>";
		};
		057115BF2AFDE5BE00AD43D5 /* ViperExample23UITests */ = {
			isa = PBXGroup;
			children = (
				057115C02AFDE5BE00AD43D5 /* ViperExample23UITests.swift */,
				057115C22AFDE5BE00AD43D5 /* ViperExample23UITestsLaunchTests.swift */,
			);
			path = ViperExample23UITests;
			sourceTree = "<group>";
		};
/* End PBXGroup section */

/* Begin PBXNativeTarget section */
		057115982AFDE5BC00AD43D5 /* ViperExample23 */ = {
			isa = PBXNativeTarget;
			buildConfigurationList = 057115C62AFDE5BE00AD43D5 /* Build configuration list for PBXNativeTarget "ViperExample23" */;
			buildPhases = (
				057115952AFDE5BC00AD43D5 /* Sources */,
				057115962AFDE5BC00AD43D5 /* Frameworks */,
				057115972AFDE5BC00AD43D5 /* Resources */,
			);
			buildRules = (
			);
			dependencies = (
			);
			name = ViperExample23;
			productName = ViperExample23;
			productReference = 057115992AFDE5BC00AD43D5 /* ViperExample23.app */;
			productType = "com.apple.product-type.application";
		};
		057115B12AFDE5BE00AD43D5 /* ViperExample23Tests */ = {
			isa = PBXNativeTarget;
			buildConfigurationList = 057115C92AFDE5BE00AD43D5 /* Build configuration list for PBXNativeTarget "ViperExample23Tests" */;
			buildPhases = (
				057115AE2AFDE5BE00AD43D5 /* Sources */,
				057115AF2AFDE5BE00AD43D5 /* Frameworks */,
				057115B02AFDE5BE00AD43D5 /* Resources */,
			);
			buildRules = (
			);
			dependencies = (
				057115B42AFDE5BE00AD43D5 /* PBXTargetDependency */,
			);
			name = ViperExample23Tests;
			productName = ViperExample23Tests;
			productReference = 057115B22AFDE5BE00AD43D5 /* ViperExample23Tests.xctest */;
			productType = "com.apple.product-type.bundle.unit-test";
		};
		057115BB2AFDE5BE00AD43D5 /* ViperExample23UITests */ = {
			isa = PBXNativeTarget;
			buildConfigurationList = 057115CC2AFDE5BE00AD43D5 /* Build configuration list for PBXNativeTarget "ViperExample23UITests" */;
			buildPhases = (
				057115B82AFDE5BE00AD43D5 /* Sources */,
				057115B92AFDE5BE00AD43D5 /* Frameworks */,
				057115BA2AFDE5BE00AD43D5 /* Resources */,
			);
			buildRules = (
			);
			dependencies = (
				057115BE2AFDE5BE00AD43D5 /* PBXTargetDependency */,
			);
			name = ViperExample23UITests;
			productName = ViperExample23UITests;
			productReference = 057115BC2AFDE5BE00AD43D5 /* ViperExample23UITests.xctest */;
			productType = "com.apple.product-type.bundle.ui-testing";
		};
/* End PBXNativeTarget section */

/* Begin PBXProject section */
		057115912AFDE5BC00AD43D5 /* Project object */ = {
			isa = PBXProject;
			attributes = {
				BuildIndependentTargetsInParallel = 1;
				LastSwiftUpdateCheck = 1510;
				LastUpgradeCheck = 1510;
				TargetAttributes = {
					057115982AFDE5BC00AD43D5 = {
						CreatedOnToolsVersion = 15.1;
					};
					057115B12AFDE5BE00AD43D5 = {
						CreatedOnToolsVersion = 15.1;
						TestTargetID = 057115982AFDE5BC00AD43D5;
					};
					057115BB2AFDE5BE00AD43D5 = {
						CreatedOnToolsVersion = 15.1;
						TestTargetID = 057115982AFDE5BC00AD43D5;
					};
				};
			};
			buildConfigurationList = 057115942AFDE5BC00AD43D5 /* Build configuration list for PBXProject "ViperExample23" */;
			compatibilityVersion = "Xcode 14.0";
			developmentRegion = en;
			hasScannedForEncodings = 0;
			knownRegions = (
				en,
				Base,
			);
			mainGroup = 057115902AFDE5BC00AD43D5;
			productRefGroup = 0571159A2AFDE5BC00AD43D5 /* Products */;
			projectDirPath = "";
			projectRoot = "";
			targets = (
				057115982AFDE5BC00AD43D5 /* ViperExample23 */,
				057115B12AFDE5BE00AD43D5 /* ViperExample23Tests */,
				057115BB2AFDE5BE00AD43D5 /* ViperExample23UITests */,
			);
		};
/* End PBXProject section */

/* Begin PBXResourcesBuildPhase section */
		057115972AFDE5BC00AD43D5 /* Resources */ = {
			isa = PBXResourcesBuildPhase;
			buildActionMask = 2147483647;
			files = (
				057115AC2AFDE5BE00AD43D5 /* LaunchScreen.storyboard in Resources */,
				057115A92AFDE5BE00AD43D5 /* Assets.xcassets in Resources */,
				057115A42AFDE5BC00AD43D5 /* Main.storyboard in Resources */,
			);
			runOnlyForDeploymentPostprocessing = 0;
		};
		057115B02AFDE5BE00AD43D5 /* Resources */ = {
			isa = PBXResourcesBuildPhase;
			buildActionMask = 2147483647;
			files = (
			);
			runOnlyForDeploymentPostprocessing = 0;
		};
		057115BA2AFDE5BE00AD43D5 /* Resources */ = {
			isa = PBXResourcesBuildPhase;
			buildActionMask = 2147483647;
			files = (
			);
			runOnlyForDeploymentPostprocessing = 0;
		};
/* End PBXResourcesBuildPhase section */

/* Begin PBXSourcesBuildPhase section */
		057115952AFDE5BC00AD43D5 /* Sources */ = {
			isa = PBXSourcesBuildPhase;
			buildActionMask = 2147483647;
			files = (
				057115A12AFDE5BC00AD43D5 /* ViewController.swift in Sources */,
				0571159D2AFDE5BC00AD43D5 /* AppDelegate.swift in Sources */,
				057115A72AFDE5BC00AD43D5 /* ViperExample23.xcdatamodeld in Sources */,
				0571159F2AFDE5BC00AD43D5 /* SceneDelegate.swift in Sources */,
			);
			runOnlyForDeploymentPostprocessing = 0;
		};
		057115AE2AFDE5BE00AD43D5 /* Sources */ = {
			isa = PBXSourcesBuildPhase;
			buildActionMask = 2147483647;
			files = (
				057115B72AFDE5BE00AD43D5 /* ViperExample23Tests.swift in Sources */,
			);
			runOnlyForDeploymentPostprocessing = 0;
		};
		057115B82AFDE5BE00AD43D5 /* Sources */ = {
			isa = PBXSourcesBuildPhase;
			buildActionMask = 2147483647;
			files = (
				057115C12AFDE5BE00AD43D5 /* ViperExample23UITests.swift in Sources */,
				057115C32AFDE5BE00AD43D5 /* ViperExample23UITestsLaunchTests.swift in Sources */,
			);
			runOnlyForDeploymentPostprocessing = 0;
		};
/* End PBXSourcesBuildPhase section */

/* Begin PBXTargetDependency section */
		057115B42AFDE5BE00AD43D5 /* PBXTargetDependency */ = {
			isa = PBXTargetDependency;
			target = 057115982AFDE5BC00AD43D5 /* ViperExample23 */;
			targetProxy = 057115B32AFDE5BE00AD43D5 /* PBXContainerItemProxy */;
		};
		057115BE2AFDE5BE00AD43D5 /* PBXTargetDependency */ = {
			isa = PBXTargetDependency;
			target = 057115982AFDE5BC00AD43D5 /* ViperExample23 */;
			targetProxy = 057115BD2AFDE5BE00AD43D5 /* PBXContainerItemProxy */;
		};
/* End PBXTargetDependency section */

/* Begin PBXVariantGroup section */
		057115A22AFDE5BC00AD43D5 /* Main.storyboard */ = {
			isa = PBXVariantGroup;
			children = (
				057115A32AFDE5BC00AD43D5 /* Base */,
			);
			name = Main.storyboard;
			sourceTree = "<group>";
		};
		057115AA2AFDE5BE00AD43D5 /* LaunchScreen.storyboard */ = {
			isa = PBXVariantGroup;
			children = (
				057115AB2AFDE5BE00AD43D5 /* Base */,
			);
			name = LaunchScreen.storyboard;
			sourceTree = "<group>";
		};
/* End PBXVariantGroup section */

/* Begin XCBuildConfiguration section */
		057115C42AFDE5BE00AD43D5 /* Debug */ = {
			isa = XCBuildConfiguration;
			buildSettings = {
				ALWAYS_SEARCH_USER_PATHS = NO;
				ASSETCATALOG_COMPILER_GENERATE_SWIFT_ASSET_SYMBOL_EXTENSIONS = YES;
				CLANG_ANALYZER_NONNULL = YES;
				CLANG_ANALYZER_NUMBER_OBJECT_CONVERSION = YES_AGGRESSIVE;
				CLANG_CXX_LANGUAGE_STANDARD = "gnu++20";
				CLANG_ENABLE_MODULES = YES;
				CLANG_ENABLE_OBJC_ARC = YES;
				CLANG_ENABLE_OBJC_WEAK = YES;
				CLANG_WARN_BLOCK_CAPTURE_AUTORELEASING = YES;
				CLANG_WARN_BOOL_CONVERSION = YES;
				CLANG_WARN_COMMA = YES;
				CLANG_WARN_CONSTANT_CONVERSION = YES;
				CLANG_WARN_DEPRECATED_OBJC_IMPLEMENTATIONS = YES;
				CLANG_WARN_DIRECT_OBJC_ISA_USAGE = YES_ERROR;
				CLANG_WARN_DOCUMENTATION_COMMENTS = YES;
				CLANG_WARN_EMPTY_BODY = YES;
				CLANG_WARN_ENUM_CONVERSION = YES;
				CLANG_WARN_INFINITE_RECURSION = YES;
				CLANG_WARN_INT_CONVERSION = YES;
				CLANG_WARN_NON_LITERAL_NULL_CONVERSION = YES;
				CLANG_WARN_OBJC_IMPLICIT_RETAIN_SELF = YES;
				CLANG_WARN_OBJC_LITERAL_CONVERSION = YES;
				CLANG_WARN_OBJC_ROOT_CLASS = YES_ERROR;
				CLANG_WARN_QUOTED_INCLUDE_IN_FRAMEWORK_HEADER = YES;
				CLANG_WARN_RANGE_LOOP_ANALYSIS = YES;
				CLANG_WARN_STRICT_PROTOTYPES = YES;
				CLANG_WARN_SUSPICIOUS_MOVE = YES;
				CLANG_WARN_UNGUARDED_AVAILABILITY = YES_AGGRESSIVE;
				CLANG_WARN_UNREACHABLE_CODE = YES;
				CLANG_WARN__DUPLICATE_METHOD_MATCH = YES;
				COPY_PHASE_STRIP = NO;
				DEBUG_INFORMATION_FORMAT = dwarf;
				ENABLE_STRICT_OBJC_MSGSEND = YES;
				ENABLE_TESTABILITY = YES;
				ENABLE_USER_SCRIPT_SANDBOXING = YES;
				GCC_C_LANGUAGE_STANDARD = gnu17;
				GCC_DYNAMIC_NO_PIC = NO;
				GCC_NO_COMMON_BLOCKS = YES;
				GCC_OPTIMIZATION_LEVEL = 0;
				GCC_PREPROCESSOR_DEFINITIONS = (
					"DEBUG=1",
					"$(inherited)",
				);
				GCC_WARN_64_TO_32_BIT_CONVERSION = YES;
				GCC_WARN_ABOUT_RETURN_TYPE = YES_ERROR;
				GCC_WARN_UNDECLARED_SELECTOR = YES;
				GCC_WARN_UNINITIALIZED_AUTOS = YES_AGGRESSIVE;
				GCC_WARN_UNUSED_FUNCTION = YES;
				GCC_WARN_UNUSED_VARIABLE = YES;
				IPHONEOS_DEPLOYMENT_TARGET = 17.2;
				LOCALIZATION_PREFERS_STRING_CATALOGS = YES;
				MTL_ENABLE_DEBUG_INFO = INCLUDE_SOURCE;
				MTL_FAST_MATH = YES;
				ONLY_ACTIVE_ARCH = YES;
				SDKROOT = iphoneos;
				SWIFT_ACTIVE_COMPILATION_CONDITIONS = "DEBUG $(inherited)";
				SWIFT_OPTIMIZATION_LEVEL = "-Onone";
			};
			name = Debug;
		};
		057115C52AFDE5BE00AD43D5 /* Release */ = {
			isa = XCBuildConfiguration;
			buildSettings = {
				ALWAYS_SEARCH_USER_PATHS = NO;
				ASSETCATALOG_COMPILER_GENERATE_SWIFT_ASSET_SYMBOL_EXTENSIONS = YES;
				CLANG_ANALYZER_NONNULL = YES;
				CLANG_ANALYZER_NUMBER_OBJECT_CONVERSION = YES_AGGRESSIVE;
				CLANG_CXX_LANGUAGE_STANDARD = "gnu++20";
				CLANG_ENABLE_MODULES = YES;
				CLANG_ENABLE_OBJC_ARC = YES;
				CLANG_ENABLE_OBJC_WEAK = YES;
				CLANG_WARN_BLOCK_CAPTURE_AUTORELEASING = YES;
				CLANG_WARN_BOOL_CONVERSION = YES;
				CLANG_WARN_COMMA = YES;
				CLANG_WARN_CONSTANT_CONVERSION = YES;
				CLANG_WARN_DEPRECATED_OBJC_IMPLEMENTATIONS = YES;
				CLANG_WARN_DIRECT_OBJC_ISA_USAGE = YES_ERROR;
				CLANG_WARN_DOCUMENTATION_COMMENTS = YES;
				CLANG_WARN_EMPTY_BODY = YES;
				CLANG_WARN_ENUM_CONVERSION = YES;
				CLANG_WARN_INFINITE_RECURSION = YES;
				CLANG_WARN_INT_CONVERSION = YES;
				CLANG_WARN_NON_LITERAL_NULL_CONVERSION = YES;
				CLANG_WARN_OBJC_IMPLICIT_RETAIN_SELF = YES;
				CLANG_WARN_OBJC_LITERAL_CONVERSION = YES;
				CLANG_WARN_OBJC_ROOT_CLASS = YES_ERROR;
				CLANG_WARN_QUOTED_INCLUDE_IN_FRAMEWORK_HEADER = YES;
				CLANG_WARN_RANGE_LOOP_ANALYSIS = YES;
				CLANG_WARN_STRICT_PROTOTYPES = YES;
				CLANG_WARN_SUSPICIOUS_MOVE = YES;
				CLANG_WARN_UNGUARDED_AVAILABILITY = YES_AGGRESSIVE;
				CLANG_WARN_UNREACHABLE_CODE = YES;
				CLANG_WARN__DUPLICATE_METHOD_MATCH = YES;
				COPY_PHASE_STRIP = NO;
				DEBUG_INFORMATION_FORMAT = "dwarf-with-dsym";
				ENABLE_NS_ASSERTIONS = NO;
				ENABLE_STRICT_OBJC_MSGSEND = YES;
				ENABLE_USER_SCRIPT_SANDBOXING = YES;
				GCC_C_LANGUAGE_STANDARD = gnu17;
				GCC_NO_COMMON_BLOCKS = YES;
				GCC_WARN_64_TO_32_BIT_CONVERSION = YES;
				GCC_WARN_ABOUT_RETURN_TYPE = YES_ERROR;
				GCC_WARN_UNDECLARED_SELECTOR = YES;
				GCC_WARN_UNINITIALIZED_AUTOS = YES_AGGRESSIVE;
				GCC_WARN_UNUSED_FUNCTION = YES;
				GCC_WARN_UNUSED_VARIABLE = YES;
				IPHONEOS_DEPLOYMENT_TARGET = 17.2;
				LOCALIZATION_PREFERS_STRING_CATALOGS = YES;
				MTL_ENABLE_DEBUG_INFO = NO;
				MTL_FAST_MATH = YES;
				SDKROOT = iphoneos;
				SWIFT_COMPILATION_MODE = wholemodule;
				VALIDATE_PRODUCT = YES;
			};
			name = Release;
		};
		057115C72AFDE5BE00AD43D5 /* Debug */ = {
			isa = XCBuildConfiguration;
			buildSettings = {
				ASSETCATALOG_COMPILER_APPICON_NAME = AppIcon;
				ASSETCATALOG_COMPILER_GLOBAL_ACCENT_COLOR_NAME = AccentColor;
				CODE_SIGN_STYLE = Automatic;
				CURRENT_PROJECT_VERSION = 1;
				DEVELOPMENT_TEAM = 7Y5W7Z4P4X;
				GENERATE_INFOPLIST_FILE = YES;
				INFOPLIST_FILE = ViperExample23/Info.plist;
				INFOPLIST_KEY_UIApplicationSupportsIndirectInputEvents = YES;
				INFOPLIST_KEY_UILaunchStoryboardName = LaunchScreen;
				INFOPLIST_KEY_UIMainStoryboardFile = Main;
				INFOPLIST_KEY_UISupportedInterfaceOrientations_iPad = "UIInterfaceOrientationPortrait UIInterfaceOrientationPortraitUpsideDown UIInterfaceOrientationLandscapeLeft UIInterfaceOrientationLandscapeRight";
				INFOPLIST_KEY_UISupportedInterfaceOrientations_iPhone = "UIInterfaceOrientationPortrait UIInterfaceOrientationLandscapeLeft UIInterfaceOrientationLandscapeRight";
				LD_RUNPATH_SEARCH_PATHS = (
					"$(inherited)",
					"@executable_path/Frameworks",
				);
				MARKETING_VERSION = 1.0;
				PRODUCT_BUNDLE_IDENTIFIER = com.maxnxi.ViperExample23;
				PRODUCT_NAME = "$(TARGET_NAME)";
				SWIFT_EMIT_LOC_STRINGS = YES;
				SWIFT_VERSION = 5.0;
				TARGETED_DEVICE_FAMILY = "1,2";
			};
			name = Debug;
		};
		057115C82AFDE5BE00AD43D5 /* Release */ = {
			isa = XCBuildConfiguration;
			buildSettings = {
				ASSETCATALOG_COMPILER_APPICON_NAME = AppIcon;
				ASSETCATALOG_COMPILER_GLOBAL_ACCENT_COLOR_NAME = AccentColor;
				CODE_SIGN_STYLE = Automatic;
				CURRENT_PROJECT_VERSION = 1;
				DEVELOPMENT_TEAM = 7Y5W7Z4P4X;
				GENERATE_INFOPLIST_FILE = YES;
				INFOPLIST_FILE = ViperExample23/Info.plist;
				INFOPLIST_KEY_UIApplicationSupportsIndirectInputEvents = YES;
				INFOPLIST_KEY_UILaunchStoryboardName = LaunchScreen;
				INFOPLIST_KEY_UIMainStoryboardFile = Main;
				INFOPLIST_KEY_UISupportedInterfaceOrientations_iPad = "UIInterfaceOrientationPortrait UIInterfaceOrientationPortraitUpsideDown UIInterfaceOrientationLandscapeLeft UIInterfaceOrientationLandscapeRight";
				INFOPLIST_KEY_UISupportedInterfaceOrientations_iPhone = "UIInterfaceOrientationPortrait UIInterfaceOrientationLandscapeLeft UIInterfaceOrientationLandscapeRight";
				LD_RUNPATH_SEARCH_PATHS = (
					"$(inherited)",
					"@executable_path/Frameworks",
				);
				MARKETING_VERSION = 1.0;
				PRODUCT_BUNDLE_IDENTIFIER = com.maxnxi.ViperExample23;
				PRODUCT_NAME = "$(TARGET_NAME)";
				SWIFT_EMIT_LOC_STRINGS = YES;
				SWIFT_VERSION = 5.0;
				TARGETED_DEVICE_FAMILY = "1,2";
			};
			name = Release;
		};
		057115CA2AFDE5BE00AD43D5 /* Debug */ = {
			isa = XCBuildConfiguration;
			buildSettings = {
				ALWAYS_EMBED_SWIFT_STANDARD_LIBRARIES = YES;
				BUNDLE_LOADER = "$(TEST_HOST)";
				CODE_SIGN_STYLE = Automatic;
				CURRENT_PROJECT_VERSION = 1;
				DEVELOPMENT_TEAM = 7Y5W7Z4P4X;
				GENERATE_INFOPLIST_FILE = YES;
				IPHONEOS_DEPLOYMENT_TARGET = 17.2;
				MARKETING_VERSION = 1.0;
				PRODUCT_BUNDLE_IDENTIFIER = com.maxnxi.ViperExample23Tests;
				PRODUCT_NAME = "$(TARGET_NAME)";
				SWIFT_EMIT_LOC_STRINGS = NO;
				SWIFT_VERSION = 5.0;
				TARGETED_DEVICE_FAMILY = "1,2";
				TEST_HOST = "$(BUILT_PRODUCTS_DIR)/ViperExample23.app/$(BUNDLE_EXECUTABLE_FOLDER_PATH)/ViperExample23";
			};
			name = Debug;
		};
		057115CB2AFDE5BE00AD43D5 /* Release */ = {
			isa = XCBuildConfiguration;
			buildSettings = {
				ALWAYS_EMBED_SWIFT_STANDARD_LIBRARIES = YES;
				BUNDLE_LOADER = "$(TEST_HOST)";
				CODE_SIGN_STYLE = Automatic;
				CURRENT_PROJECT_VERSION = 1;
				DEVELOPMENT_TEAM = 7Y5W7Z4P4X;
				GENERATE_INFOPLIST_FILE = YES;
				IPHONEOS_DEPLOYMENT_TARGET = 17.2;
				MARKETING_VERSION = 1.0;
				PRODUCT_BUNDLE_IDENTIFIER = com.maxnxi.ViperExample23Tests;
				PRODUCT_NAME = "$(TARGET_NAME)";
				SWIFT_EMIT_LOC_STRINGS = NO;
				SWIFT_VERSION = 5.0;
				TARGETED_DEVICE_FAMILY = "1,2";
				TEST_HOST = "$(BUILT_PRODUCTS_DIR)/ViperExample23.app/$(BUNDLE_EXECUTABLE_FOLDER_PATH)/ViperExample23";
			};
			name = Release;
		};
		057115CD2AFDE5BE00AD43D5 /* Debug */ = {
			isa = XCBuildConfiguration;
			buildSettings = {
				ALWAYS_EMBED_SWIFT_STANDARD_LIBRARIES = YES;
				CODE_SIGN_STYLE = Automatic;
				CURRENT_PROJECT_VERSION = 1;
				DEVELOPMENT_TEAM = 7Y5W7Z4P4X;
				GENERATE_INFOPLIST_FILE = YES;
				MARKETING_VERSION = 1.0;
				PRODUCT_BUNDLE_IDENTIFIER = com.maxnxi.ViperExample23UITests;
				PRODUCT_NAME = "$(TARGET_NAME)";
				SWIFT_EMIT_LOC_STRINGS = NO;
				SWIFT_VERSION = 5.0;
				TARGETED_DEVICE_FAMILY = "1,2";
				TEST_TARGET_NAME = ViperExample23;
			};
			name = Debug;
		};
		057115CE2AFDE5BE00AD43D5 /* Release */ = {
			isa = XCBuildConfiguration;
			buildSettings = {
				ALWAYS_EMBED_SWIFT_STANDARD_LIBRARIES = YES;
				CODE_SIGN_STYLE = Automatic;
				CURRENT_PROJECT_VERSION = 1;
				DEVELOPMENT_TEAM = 7Y5W7Z4P4X;
				GENERATE_INFOPLIST_FILE = YES;
				MARKETING_VERSION = 1.0;
				PRODUCT_BUNDLE_IDENTIFIER = com.maxnxi.ViperExample23UITests;
				PRODUCT_NAME = "$(TARGET_NAME)";
				SWIFT_EMIT_LOC_STRINGS = NO;
				SWIFT_VERSION = 5.0;
				TARGETED_DEVICE_FAMILY = "1,2";
				TEST_TARGET_NAME = ViperExample23;
			};
			name = Release;
		};
/* End XCBuildConfiguration section */

/* Begin XCConfigurationList section */
		057115942AFDE5BC00AD43D5 /* Build configuration list for PBXProject "ViperExample23" */ = {
			isa = XCConfigurationList;
			buildConfigurations = (
				057115C42AFDE5BE00AD43D5 /* Debug */,
				057115C52AFDE5BE00AD43D5 /* Release */,
			);
			defaultConfigurationIsVisible = 0;
			defaultConfigurationName = Release;
		};
		057115C62AFDE5BE00AD43D5 /* Build configuration list for PBXNativeTarget "ViperExample23" */ = {
			isa = XCConfigurationList;
			buildConfigurations = (
				057115C72AFDE5BE00AD43D5 /* Debug */,
				057115C82AFDE5BE00AD43D5 /* Release */,
			);
			defaultConfigurationIsVisible = 0;
			defaultConfigurationName = Release;
		};
		057115C92AFDE5BE00AD43D5 /* Build configuration list for PBXNativeTarget "ViperExample23Tests" */ = {
			isa = XCConfigurationList;
			buildConfigurations = (
				057115CA2AFDE5BE00AD43D5 /* Debug */,
				057115CB2AFDE5BE00AD43D5 /* Release */,
			);
			defaultConfigurationIsVisible = 0;
			defaultConfigurationName = Release;
		};
		057115CC2AFDE5BE00AD43D5 /* Build configuration list for PBXNativeTarget "ViperExample23UITests" */ = {
			isa = XCConfigurationList;
			buildConfigurations = (
				057115CD2AFDE5BE00AD43D5 /* Debug */,
				057115CE2AFDE5BE00AD43D5 /* Release */,
			);
			defaultConfigurationIsVisible = 0;
			defaultConfigurationName = Release;
		};
/* End XCConfigurationList section */

/* Begin XCVersionGroup section */
		057115A52AFDE5BC00AD43D5 /* ViperExample23.xcdatamodeld */ = {
			isa = XCVersionGroup;
			children = (
				057115A62AFDE5BC00AD43D5 /* ViperExample23.xcdatamodel */,
			);
			currentVersion = 057115A62AFDE5BC00AD43D5 /* ViperExample23.xcdatamodel */;
			path = ViperExample23.xcdatamodeld;
			sourceTree = "<group>";
			versionGroupType = wrapper.xcdatamodel;
		};
/* End XCVersionGroup section */
	};
	rootObject = 057115912AFDE5BC00AD43D5 /* Project object */;
}
